
Microsoft Visual Studio Solution File, Format Version 12.00
# Visual Studio Version 16
VisualStudioVersion = 16.0.29306.81
MinimumVisualStudioVersion = 10.0.40219.1
Project("{FAE04EC0-301F-11D3-BF4B-00C04F79EFBC}") = "Exam", "Exam\Exam.csproj", "{DB666C6A-8D82-4509-8454-05D1303575BC}"
EndProject
Project("{FAE04EC0-301F-11D3-BF4B-00C04F79EFBC}") = "DBLib", "DBLib\DBLib.csproj", "{CA74FCD3-C311-4DF6-B9A5-D62CCC14883C}"
EndProject
Project("{00D1A9C2-B5F0-4AF3-8072-F6C62B433612}") = "ExamDatabase", "ExamDatabase\ExamDatabase.sqlproj", "{121A9339-F070-43C3-B8B5-BBB3F65B2CD6}"
EndProject
Project("{FAE04EC0-301F-11D3-BF4B-00C04F79EFBC}") = "Snake", "Snake\Snake.csproj", "{37928E37-A8A8-4986-9598-B1EB606E1AFE}"
EndProject
Global
	GlobalSection(SolutionConfigurationPlatforms) = preSolution
		Debug|Any CPU = Debug|Any CPU
		Debug|x64 = Debug|x64
		Debug|x86 = Debug|x86
		Release|Any CPU = Release|Any CPU
		Release|x64 = Release|x64
		Release|x86 = Release|x86
	EndGlobalSection
	GlobalSection(ProjectConfigurationPlatforms) = postSolution
		{DB666C6A-8D82-4509-8454-05D1303575BC}.Debug|Any CPU.ActiveCfg = Debug|Any CPU
		{DB666C6A-8D82-4509-8454-05D1303575BC}.Debug|Any CPU.Build.0 = Debug|Any CPU
		{DB666C6A-8D82-4509-8454-05D1303575BC}.Debug|x64.ActiveCfg = Debug|x86
		{DB666C6A-8D82-4509-8454-05D1303575BC}.Debug|x64.Build.0 = Debug|x86
		{DB666C6A-8D82-4509-8454-05D1303575BC}.Debug|x86.ActiveCfg = Debug|x86
		{DB666C6A-8D82-4509-8454-05D1303575BC}.Debug|x86.Build.0 = Debug|x86
		{DB666C6A-8D82-4509-8454-05D1303575BC}.Release|Any CPU.ActiveCfg = Release|Any CPU
		{DB666C6A-8D82-4509-8454-05D1303575BC}.Release|Any CPU.Build.0 = Release|Any CPU
		{DB666C6A-8D82-4509-8454-05D1303575BC}.Release|x64.ActiveCfg = Release|x64
		{DB666C6A-8D82-4509-8454-05D1303575BC}.Release|x64.Build.0 = Release|x64
		{DB666C6A-8D82-4509-8454-05D1303575BC}.Release|x86.ActiveCfg = Release|x86
		{DB666C6A-8D82-4509-8454-05D1303575BC}.Release|x86.Build.0 = Release|x86
		{CA74FCD3-C311-4DF6-B9A5-D62CCC14883C}.Debug|Any CPU.ActiveCfg = Debug|Any CPU
		{CA74FCD3-C311-4DF6-B9A5-D62CCC14883C}.Debug|Any CPU.Build.0 = Debug|Any CPU
		{CA74FCD3-C311-4DF6-B9A5-D62CCC14883C}.Debug|x64.ActiveCfg = Debug|x86
		{CA74FCD3-C311-4DF6-B9A5-D62CCC14883C}.Debug|x64.Build.0 = Debug|x86
		{CA74FCD3-C311-4DF6-B9A5-D62CCC14883C}.Debug|x86.ActiveCfg = Debug|x86
		{CA74FCD3-C311-4DF6-B9A5-D62CCC14883C}.Debug|x86.Build.0 = Debug|x86
		{CA74FCD3-C311-4DF6-B9A5-D62CCC14883C}.Release|Any CPU.ActiveCfg = Release|Any CPU
		{CA74FCD3-C311-4DF6-B9A5-D62CCC14883C}.Release|Any CPU.Build.0 = Release|Any CPU
		{CA74FCD3-C311-4DF6-B9A5-D62CCC14883C}.Release|x64.ActiveCfg = Release|Any CPU
		{CA74FCD3-C311-4DF6-B9A5-D62CCC14883C}.Release|x64.Build.0 = Release|Any CPU
		{CA74FCD3-C311-4DF6-B9A5-D62CCC14883C}.Release|x86.ActiveCfg = Release|x86
		{CA74FCD3-C311-4DF6-B9A5-D62CCC14883C}.Release|x86.Build.0 = Release|x86
		{121A9339-F070-43C3-B8B5-BBB3F65B2CD6}.Debug|Any CPU.ActiveCfg = Debug|Any CPU
		{121A9339-F070-43C3-B8B5-BBB3F65B2CD6}.Debug|Any CPU.Build.0 = Debug|Any CPU
		{121A9339-F070-43C3-B8B5-BBB3F65B2CD6}.Debug|Any CPU.Deploy.0 = Debug|Any CPU
		{121A9339-F070-43C3-B8B5-BBB3F65B2CD6}.Debug|x64.ActiveCfg = Debug|Any CPU
		{121A9339-F070-43C3-B8B5-BBB3F65B2CD6}.Debug|x64.Build.0 = Debug|Any CPU
		{121A9339-F070-43C3-B8B5-BBB3F65B2CD6}.Debug|x64.Deploy.0 = Debug|Any CPU
		{121A9339-F070-43C3-B8B5-BBB3F65B2CD6}.Debug|x86.ActiveCfg = Debug|Any CPU
		{121A9339-F070-43C3-B8B5-BBB3F65B2CD6}.Debug|x86.Build.0 = Debug|Any CPU
		{121A9339-F070-43C3-B8B5-BBB3F65B2CD6}.Debug|x86.Deploy.0 = Debug|Any CPU
		{121A9339-F070-43C3-B8B5-BBB3F65B2CD6}.Release|Any CPU.ActiveCfg = Release|Any CPU
		{121A9339-F070-43C3-B8B5-BBB3F65B2CD6}.Release|Any CPU.Build.0 = Release|Any CPU
		{121A9339-F070-43C3-B8B5-BBB3F65B2CD6}.Release|Any CPU.Deploy.0 = Release|Any CPU
		{121A9339-F070-43C3-B8B5-BBB3F65B2CD6}.Release|x64.ActiveCfg = Release|Any CPU
		{121A9339-F070-43C3-B8B5-BBB3F65B2CD6}.Release|x64.Build.0 = Release|Any CPU
		{121A9339-F070-43C3-B8B5-BBB3F65B2CD6}.Release|x64.Deploy.0 = Release|Any CPU
		{121A9339-F070-43C3-B8B5-BBB3F65B2CD6}.Release|x86.ActiveCfg = Release|Any CPU
		{121A9339-F070-43C3-B8B5-BBB3F65B2CD6}.Release|x86.Build.0 = Release|Any CPU
		{121A9339-F070-43C3-B8B5-BBB3F65B2CD6}.Release|x86.Deploy.0 = Release|Any CPU
		{37928E37-A8A8-4986-9598-B1EB606E1AFE}.Debug|Any CPU.ActiveCfg = Debug|Any CPU
		{37928E37-A8A8-4986-9598-B1EB606E1AFE}.Debug|Any CPU.Build.0 = Debug|Any CPU
		{37928E37-A8A8-4986-9598-B1EB606E1AFE}.Debug|x64.ActiveCfg = Debug|Any CPU
		{37928E37-A8A8-4986-9598-B1EB606E1AFE}.Debug|x64.Build.0 = Debug|Any CPU
		{37928E37-A8A8-4986-9598-B1EB606E1AFE}.Debug|x86.ActiveCfg = Debug|Any CPU
		{37928E37-A8A8-4986-9598-B1EB606E1AFE}.Debug|x86.Build.0 = Debug|Any CPU
		{37928E37-A8A8-4986-9598-B1EB606E1AFE}.Release|Any CPU.ActiveCfg = Release|Any CPU
		{37928E37-A8A8-4986-9598-B1EB606E1AFE}.Release|Any CPU.Build.0 = Release|Any CPU
		{37928E37-A8A8-4986-9598-B1EB606E1AFE}.Release|x64.ActiveCfg = Release|Any CPU
		{37928E37-A8A8-4986-9598-B1EB606E1AFE}.Release|x64.Build.0 = Release|Any CPU
		{37928E37-A8A8-4986-9598-B1EB606E1AFE}.Release|x86.ActiveCfg = Release|Any CPU
		{37928E37-A8A8-4986-9598-B1EB606E1AFE}.Release|x86.Build.0 = Release|Any CPU
	EndGlobalSection
	GlobalSection(SolutionProperties) = preSolution
		HideSolutionNode = FALSE
	EndGlobalSection
	GlobalSection(ExtensibilityGlobals) = postSolution
		SolutionGuid = {8E8819D6-1BEF-48B6-9BD7-74777138E731}
	EndGlobalSection
EndGlobal
