
Microsoft Visual Studio Solution File, Format Version 12.00
# Visual Studio 15
VisualStudioVersion = 15.0.28307.902
MinimumVisualStudioVersion = 10.0.40219.1
Project("{FAE04EC0-301F-11D3-BF4B-00C04F79EFBC}") = "Exam", "Exam\Exam.csproj", "{DB666C6A-8D82-4509-8454-05D1303575BC}"
EndProject
Project("{FAE04EC0-301F-11D3-BF4B-00C04F79EFBC}") = "DBLib", "DBLib\DBLib.csproj", "{CA74FCD3-C311-4DF6-B9A5-D62CCC14883C}"
EndProject
Global
	GlobalSection(SolutionConfigurationPlatforms) = preSolution
		Debug|Any CPU = Debug|Any CPU
		Release|Any CPU = Release|Any CPU
	EndGlobalSection
	GlobalSection(ProjectConfigurationPlatforms) = postSolution
		{DB666C6A-8D82-4509-8454-05D1303575BC}.Debug|Any CPU.ActiveCfg = Debug|Any CPU
		{DB666C6A-8D82-4509-8454-05D1303575BC}.Debug|Any CPU.Build.0 = Debug|Any CPU
		{DB666C6A-8D82-4509-8454-05D1303575BC}.Release|Any CPU.ActiveCfg = Release|Any CPU
		{DB666C6A-8D82-4509-8454-05D1303575BC}.Release|Any CPU.Build.0 = Release|Any CPU
		{CA74FCD3-C311-4DF6-B9A5-D62CCC14883C}.Debug|Any CPU.ActiveCfg = Debug|Any CPU
		{CA74FCD3-C311-4DF6-B9A5-D62CCC14883C}.Debug|Any CPU.Build.0 = Debug|Any CPU
		{CA74FCD3-C311-4DF6-B9A5-D62CCC14883C}.Release|Any CPU.ActiveCfg = Release|Any CPU
		{CA74FCD3-C311-4DF6-B9A5-D62CCC14883C}.Release|Any CPU.Build.0 = Release|Any CPU
	EndGlobalSection
	GlobalSection(SolutionProperties) = preSolution
		HideSolutionNode = FALSE
	EndGlobalSection
	GlobalSection(ExtensibilityGlobals) = postSolution
		SolutionGuid = {8E8819D6-1BEF-48B6-9BD7-74777138E731}
	EndGlobalSection
EndGlobal
